{
    "_meta": {
        "hash": {
            "sha256": "e0b57681dd08422a7d4da54fd770b5cc48aeec26911a5c131b453e0528341854"
        },
        "pipfile-spec": 6,
        "requires": {
            "python_version": "3.10"
        },
        "sources": [
            {
                "name": "pypi",
                "url": "https://pypi.org/simple",
                "verify_ssl": true
            }
        ]
    },
    "default": {
        "datetime": {
            "hashes": [
                "sha256:568ea851d40773d846c0b5efe260aecb717c2b933c052a3c13b712809c16b57d",
                "sha256:88caf4d2441fe479038f4740a1071953686f7c1ed6c9e8c7df9ebe84e592f0c6"
            ],
            "index": "pypi",
            "markers": "python_version >= '3.7'",
            "version": "==5.4"
        },
        "plyer": {
            "hashes": [
                "sha256:1b1772060df8b3045ed4f08231690ec8f7de30f5a004aa1724665a9074eed113",
                "sha256:65b7dfb7e11e07af37a8487eb2aa69524276ef70dad500b07228ce64736baa61"
            ],
            "index": "pypi",
            "version": "==2.1.0"
        },
        "pytz": {
            "hashes": [
                "sha256:2a29735ea9c18baf14b448846bde5a48030ed267578472d8955cd0e7443a9812",
                "sha256:328171f4e3623139da4983451950b28e95ac706e13f3f2630a879749e7a8b319"
            ],
            "version": "==2024.1"
        },
        "setuptools": {
            "hashes": [
                "sha256:850894c4195f09c4ed30dba56213bf7c3f21d86ed6bdaafb5df5972593bfc401",
                "sha256:c054629b81b946d63a9c6e732bc8b2513a7c3ea645f11d0139a2191d735c60c6"
            ],
            "markers": "python_version >= '3.8'",
            "version": "==69.1.0"
        },
        "zope.interface": {
            "hashes": [
                "sha256:02adbab560683c4eca3789cc0ac487dcc5f5a81cc48695ec247f00803cafe2fe",
                "sha256:14e02a6fc1772b458ebb6be1c276528b362041217b9ca37e52ecea2cbdce9fac",
                "sha256:25e0af9663eeac6b61b231b43c52293c2cb7f0c232d914bdcbfd3e3bd5c182ad",
                "sha256:2606955a06c6852a6cff4abeca38346ed01e83f11e960caa9a821b3626a4467b",
                "sha256:396f5c94654301819a7f3a702c5830f0ea7468d7b154d124ceac823e2419d000",
                "sha256:3b240883fb43160574f8f738e6d09ddbdbf8fa3e8cea051603d9edfd947d9328",
                "sha256:3b6c62813c63c543a06394a636978b22dffa8c5410affc9331ce6cdb5bfa8565",
                "sha256:4ae9793f114cee5c464cc0b821ae4d36e1eba961542c6086f391a61aee167b6f",
                "sha256:4bce517b85f5debe07b186fc7102b332676760f2e0c92b7185dd49c138734b70",
                "sha256:4d45d2ba8195850e3e829f1f0016066a122bfa362cc9dc212527fc3d51369037",
                "sha256:4dd374927c00764fcd6fe1046bea243ebdf403fba97a937493ae4be2c8912c2b",
                "sha256:506f5410b36e5ba494136d9fa04c548eaf1a0d9c442b0b0e7a0944db7620e0ab",
                "sha256:59f7374769b326a217d0b2366f1c176a45a4ff21e8f7cebb3b4a3537077eff85",
                "sha256:5ee9789a20b0081dc469f65ff6c5007e67a940d5541419ca03ef20c6213dd099",
                "sha256:6fc711acc4a1c702ca931fdbf7bf7c86f2a27d564c85c4964772dadf0e3c52f5",
                "sha256:75d2ec3d9b401df759b87bc9e19d1b24db73083147089b43ae748aefa63067ef",
                "sha256:76e0531d86523be7a46e15d379b0e975a9db84316617c0efe4af8338dc45b80c",
                "sha256:8af82afc5998e1f307d5e72712526dba07403c73a9e287d906a8aa2b1f2e33dd",
                "sha256:8f5d2c39f3283e461de3655e03faf10e4742bb87387113f787a7724f32db1e48",
                "sha256:97785604824981ec8c81850dd25c8071d5ce04717a34296eeac771231fbdd5cd",
                "sha256:a3046e8ab29b590d723821d0785598e0b2e32b636a0272a38409be43e3ae0550",
                "sha256:abb0b3f2cb606981c7432f690db23506b1db5899620ad274e29dbbbdd740e797",
                "sha256:ac7c2046d907e3b4e2605a130d162b1b783c170292a11216479bb1deb7cadebe",
                "sha256:af27b3fe5b6bf9cd01b8e1c5ddea0a0d0a1b8c37dc1c7452f1e90bf817539c6d",
                "sha256:b386b8b9d2b6a5e1e4eadd4e62335571244cb9193b7328c2b6e38b64cfda4f0e",
                "sha256:b66335bbdbb4c004c25ae01cc4a54fd199afbc1fd164233813c6d3c2293bb7e1",
                "sha256:d54f66c511ea01b9ef1d1a57420a93fbb9d48a08ec239f7d9c581092033156d0",
                "sha256:de125151a53ecdb39df3cb3deb9951ed834dd6a110a9e795d985b10bb6db4532",
                "sha256:de7916380abaef4bb4891740879b1afcba2045aee51799dfd6d6ca9bdc71f35f",
                "sha256:e2fefad268ff5c5b314794e27e359e48aeb9c8bb2cbb5748a071757a56f6bb8f",
                "sha256:e7b2bed4eea047a949296e618552d3fed00632dc1b795ee430289bdd0e3717f3",
                "sha256:e87698e2fea5ca2f0a99dff0a64ce8110ea857b640de536c76d92aaa2a91ff3a",
                "sha256:ede888382882f07b9e4cd942255921ffd9f2901684198b88e247c7eabd27a000",
                "sha256:f444de0565db46d26c9fa931ca14f497900a295bd5eba480fc3fad25af8c763e",
                "sha256:fa994e8937e8ccc7e87395b7b35092818905cf27c651e3ff3e7f29729f5ce3ce",
                "sha256:febceb04ee7dd2aef08c2ff3d6f8a07de3052fc90137c507b0ede3ea80c21440"
            ],
            "markers": "python_version >= '3.7'",
            "version": "==6.2"
        }
    },
    "develop": {}
}
